
Microsoft Visual Studio Solution File, Format Version 12.00
# Visual Studio 14
VisualStudioVersion = 14.0.23107.0
MinimumVisualStudioVersion = 10.0.40219.1
Project("{2150E333-8FDC-42A3-9474-1A3956D46DE8}") = "OrderEntry", "OrderEntry", "{2AE7818F-6BD9-45A6-BF0C-7AD72C48E46E}"
EndProject
Project("{2150E333-8FDC-42A3-9474-1A3956D46DE8}") = "OrderProcessing", "OrderProcessing", "{A041FE17-5A09-4BA0-AB0F-CF5798DDA558}"
EndProject
Project("{FAE04EC0-301F-11D3-BF4B-00C04F79EFBC}") = "OrderEntry.Events", "OrderEntry.Events\OrderEntry.Events.csproj", "{6359C55F-56B0-4F21-9A88-22BA767273FB}"
EndProject
Project("{FAE04EC0-301F-11D3-BF4B-00C04F79EFBC}") = "OrderProcessing.Events", "OrderProcessing.Events\OrderProcessing.Events.csproj", "{509A6A78-C6E5-4AC7-B82B-57285EE108F7}"
EndProject
Project("{FAE04EC0-301F-11D3-BF4B-00C04F79EFBC}") = "BaseMessages", "EventLib\BaseMessages.csproj", "{9B48F296-9C9D-4DE2-9AB7-593E4B83536F}"
EndProject
Project("{FAE04EC0-301F-11D3-BF4B-00C04F79EFBC}") = "OrderEntry.Commands", "OrderEntry.Commands\OrderEntry.Commands.csproj", "{0F89C74B-71B6-4AD5-BCB5-F528C50349A7}"
EndProject
Project("{FAE04EC0-301F-11D3-BF4B-00C04F79EFBC}") = "OrderEntry.Endpoint", "OrderEntry.Endpoint\OrderEntry.Endpoint.csproj", "{DA33B063-8EA0-43E7-B42C-0DA5AE60C49F}"
EndProject
Project("{FAE04EC0-301F-11D3-BF4B-00C04F79EFBC}") = "OrderProcessing.Endpoint", "OrderProcessing.Endpoint\OrderProcessing.Endpoint.csproj", "{0B266505-3BA4-4C5C-8080-6F0E3469AD72}"
EndProject
Project("{2150E333-8FDC-42A3-9474-1A3956D46DE8}") = "Scheduling", "Scheduling", "{E18C7802-EC3A-4F91-BE2B-64EFA3B1B5E9}"
EndProject
Project("{FAE04EC0-301F-11D3-BF4B-00C04F79EFBC}") = "Scheduling.Endpoint", "Scheduling.Endpoint\Scheduling.Endpoint.csproj", "{F075EA32-9BFE-42CA-82C6-06BA715101FB}"
EndProject
Project("{2150E333-8FDC-42A3-9474-1A3956D46DE8}") = "Pricing", "Pricing", "{43AC9D75-AC77-47A8-925F-E76F9BD00040}"
EndProject
Project("{FAE04EC0-301F-11D3-BF4B-00C04F79EFBC}") = "Pricing.Endpoint", "Pricing.Endpoint\Pricing.Endpoint.csproj", "{D59E46DD-4285-417E-BF03-342D18FBDAF4}"
EndProject
Project("{FAE04EC0-301F-11D3-BF4B-00C04F79EFBC}") = "Pricing.Events", "Pricing.Events\Pricing.Events.csproj", "{424405D4-6C04-4303-9347-4E7DDED4104F}"
EndProject
Project("{FAE04EC0-301F-11D3-BF4B-00C04F79EFBC}") = "Scheduling.Events", "Scheduling.Events\Scheduling.Events.csproj", "{25B31328-CF78-487D-B005-2974644EB6F9}"
EndProject
Project("{FAE04EC0-301F-11D3-BF4B-00C04F79EFBC}") = "ConsoleApp", "ConsoleApp\ConsoleApp.csproj", "{55B42947-C621-4125-8684-4FE85C9DD935}"
EndProject
Project("{FAE04EC0-301F-11D3-BF4B-00C04F79EFBC}") = "OrderProcessing.Commands", "OrderProcessing.Commands\OrderProcessing.Commands.csproj", "{E665CA46-2802-42FE-AC84-9CA493A5E696}"
EndProject
Project("{2150E333-8FDC-42A3-9474-1A3956D46DE8}") = "OrderHistory", "OrderHistory", "{8FD49E35-24A3-4608-AC35-AC02EBE741AA}"
EndProject
Project("{FAE04EC0-301F-11D3-BF4B-00C04F79EFBC}") = "OrderHistory.Endpoint", "OrderHistory.Endpoint\OrderHistory.Endpoint.csproj", "{D48498DA-4DA2-48FD-BF37-90E71F7577C9}"
EndProject
Global
	GlobalSection(SolutionConfigurationPlatforms) = preSolution
		Debug|Any CPU = Debug|Any CPU
		Release|Any CPU = Release|Any CPU
	EndGlobalSection
	GlobalSection(ProjectConfigurationPlatforms) = postSolution
		{6359C55F-56B0-4F21-9A88-22BA767273FB}.Debug|Any CPU.ActiveCfg = Debug|Any CPU
		{6359C55F-56B0-4F21-9A88-22BA767273FB}.Debug|Any CPU.Build.0 = Debug|Any CPU
		{6359C55F-56B0-4F21-9A88-22BA767273FB}.Release|Any CPU.ActiveCfg = Release|Any CPU
		{6359C55F-56B0-4F21-9A88-22BA767273FB}.Release|Any CPU.Build.0 = Release|Any CPU
		{509A6A78-C6E5-4AC7-B82B-57285EE108F7}.Debug|Any CPU.ActiveCfg = Debug|Any CPU
		{509A6A78-C6E5-4AC7-B82B-57285EE108F7}.Debug|Any CPU.Build.0 = Debug|Any CPU
		{509A6A78-C6E5-4AC7-B82B-57285EE108F7}.Release|Any CPU.ActiveCfg = Release|Any CPU
		{509A6A78-C6E5-4AC7-B82B-57285EE108F7}.Release|Any CPU.Build.0 = Release|Any CPU
		{9B48F296-9C9D-4DE2-9AB7-593E4B83536F}.Debug|Any CPU.ActiveCfg = Debug|Any CPU
		{9B48F296-9C9D-4DE2-9AB7-593E4B83536F}.Debug|Any CPU.Build.0 = Debug|Any CPU
		{9B48F296-9C9D-4DE2-9AB7-593E4B83536F}.Release|Any CPU.ActiveCfg = Release|Any CPU
		{9B48F296-9C9D-4DE2-9AB7-593E4B83536F}.Release|Any CPU.Build.0 = Release|Any CPU
		{0F89C74B-71B6-4AD5-BCB5-F528C50349A7}.Debug|Any CPU.ActiveCfg = Debug|Any CPU
		{0F89C74B-71B6-4AD5-BCB5-F528C50349A7}.Debug|Any CPU.Build.0 = Debug|Any CPU
		{0F89C74B-71B6-4AD5-BCB5-F528C50349A7}.Release|Any CPU.ActiveCfg = Release|Any CPU
		{0F89C74B-71B6-4AD5-BCB5-F528C50349A7}.Release|Any CPU.Build.0 = Release|Any CPU
		{DA33B063-8EA0-43E7-B42C-0DA5AE60C49F}.Debug|Any CPU.ActiveCfg = Debug|Any CPU
		{DA33B063-8EA0-43E7-B42C-0DA5AE60C49F}.Debug|Any CPU.Build.0 = Debug|Any CPU
		{DA33B063-8EA0-43E7-B42C-0DA5AE60C49F}.Release|Any CPU.ActiveCfg = Release|Any CPU
		{DA33B063-8EA0-43E7-B42C-0DA5AE60C49F}.Release|Any CPU.Build.0 = Release|Any CPU
		{0B266505-3BA4-4C5C-8080-6F0E3469AD72}.Debug|Any CPU.ActiveCfg = Debug|Any CPU
		{0B266505-3BA4-4C5C-8080-6F0E3469AD72}.Debug|Any CPU.Build.0 = Debug|Any CPU
		{0B266505-3BA4-4C5C-8080-6F0E3469AD72}.Release|Any CPU.ActiveCfg = Release|Any CPU
		{0B266505-3BA4-4C5C-8080-6F0E3469AD72}.Release|Any CPU.Build.0 = Release|Any CPU
		{F075EA32-9BFE-42CA-82C6-06BA715101FB}.Debug|Any CPU.ActiveCfg = Debug|Any CPU
		{F075EA32-9BFE-42CA-82C6-06BA715101FB}.Debug|Any CPU.Build.0 = Debug|Any CPU
		{F075EA32-9BFE-42CA-82C6-06BA715101FB}.Release|Any CPU.ActiveCfg = Release|Any CPU
		{F075EA32-9BFE-42CA-82C6-06BA715101FB}.Release|Any CPU.Build.0 = Release|Any CPU
		{D59E46DD-4285-417E-BF03-342D18FBDAF4}.Debug|Any CPU.ActiveCfg = Debug|Any CPU
		{D59E46DD-4285-417E-BF03-342D18FBDAF4}.Debug|Any CPU.Build.0 = Debug|Any CPU
		{D59E46DD-4285-417E-BF03-342D18FBDAF4}.Release|Any CPU.ActiveCfg = Release|Any CPU
		{D59E46DD-4285-417E-BF03-342D18FBDAF4}.Release|Any CPU.Build.0 = Release|Any CPU
		{424405D4-6C04-4303-9347-4E7DDED4104F}.Debug|Any CPU.ActiveCfg = Debug|Any CPU
		{424405D4-6C04-4303-9347-4E7DDED4104F}.Debug|Any CPU.Build.0 = Debug|Any CPU
		{424405D4-6C04-4303-9347-4E7DDED4104F}.Release|Any CPU.ActiveCfg = Release|Any CPU
		{424405D4-6C04-4303-9347-4E7DDED4104F}.Release|Any CPU.Build.0 = Release|Any CPU
		{25B31328-CF78-487D-B005-2974644EB6F9}.Debug|Any CPU.ActiveCfg = Debug|Any CPU
		{25B31328-CF78-487D-B005-2974644EB6F9}.Debug|Any CPU.Build.0 = Debug|Any CPU
		{25B31328-CF78-487D-B005-2974644EB6F9}.Release|Any CPU.ActiveCfg = Release|Any CPU
		{25B31328-CF78-487D-B005-2974644EB6F9}.Release|Any CPU.Build.0 = Release|Any CPU
		{55B42947-C621-4125-8684-4FE85C9DD935}.Debug|Any CPU.ActiveCfg = Debug|Any CPU
		{55B42947-C621-4125-8684-4FE85C9DD935}.Debug|Any CPU.Build.0 = Debug|Any CPU
		{55B42947-C621-4125-8684-4FE85C9DD935}.Release|Any CPU.ActiveCfg = Release|Any CPU
		{55B42947-C621-4125-8684-4FE85C9DD935}.Release|Any CPU.Build.0 = Release|Any CPU
		{E665CA46-2802-42FE-AC84-9CA493A5E696}.Debug|Any CPU.ActiveCfg = Debug|Any CPU
		{E665CA46-2802-42FE-AC84-9CA493A5E696}.Debug|Any CPU.Build.0 = Debug|Any CPU
		{E665CA46-2802-42FE-AC84-9CA493A5E696}.Release|Any CPU.ActiveCfg = Release|Any CPU
		{E665CA46-2802-42FE-AC84-9CA493A5E696}.Release|Any CPU.Build.0 = Release|Any CPU
		{D48498DA-4DA2-48FD-BF37-90E71F7577C9}.Debug|Any CPU.ActiveCfg = Debug|Any CPU
		{D48498DA-4DA2-48FD-BF37-90E71F7577C9}.Debug|Any CPU.Build.0 = Debug|Any CPU
		{D48498DA-4DA2-48FD-BF37-90E71F7577C9}.Release|Any CPU.ActiveCfg = Release|Any CPU
		{D48498DA-4DA2-48FD-BF37-90E71F7577C9}.Release|Any CPU.Build.0 = Release|Any CPU
	EndGlobalSection
	GlobalSection(SolutionProperties) = preSolution
		HideSolutionNode = FALSE
	EndGlobalSection
	GlobalSection(NestedProjects) = preSolution
		{6359C55F-56B0-4F21-9A88-22BA767273FB} = {2AE7818F-6BD9-45A6-BF0C-7AD72C48E46E}
		{509A6A78-C6E5-4AC7-B82B-57285EE108F7} = {A041FE17-5A09-4BA0-AB0F-CF5798DDA558}
		{0F89C74B-71B6-4AD5-BCB5-F528C50349A7} = {2AE7818F-6BD9-45A6-BF0C-7AD72C48E46E}
		{DA33B063-8EA0-43E7-B42C-0DA5AE60C49F} = {2AE7818F-6BD9-45A6-BF0C-7AD72C48E46E}
		{0B266505-3BA4-4C5C-8080-6F0E3469AD72} = {A041FE17-5A09-4BA0-AB0F-CF5798DDA558}
		{F075EA32-9BFE-42CA-82C6-06BA715101FB} = {E18C7802-EC3A-4F91-BE2B-64EFA3B1B5E9}
		{D59E46DD-4285-417E-BF03-342D18FBDAF4} = {43AC9D75-AC77-47A8-925F-E76F9BD00040}
		{424405D4-6C04-4303-9347-4E7DDED4104F} = {43AC9D75-AC77-47A8-925F-E76F9BD00040}
		{25B31328-CF78-487D-B005-2974644EB6F9} = {E18C7802-EC3A-4F91-BE2B-64EFA3B1B5E9}
		{E665CA46-2802-42FE-AC84-9CA493A5E696} = {A041FE17-5A09-4BA0-AB0F-CF5798DDA558}
		{D48498DA-4DA2-48FD-BF37-90E71F7577C9} = {8FD49E35-24A3-4608-AC35-AC02EBE741AA}
	EndGlobalSection
EndGlobal
